
Microsoft Visual Studio Solution File, Format Version 12.00
# Visual Studio Version 16
VisualStudioVersion = 16.0.29926.136
MinimumVisualStudioVersion = 10.0.40219.1
Project("{FAE04EC0-301F-11D3-BF4B-00C04F79EFBC}") = "GradientsWpfApp", "GradientsWpfApp\GradientsWpfApp.csproj", "{43B155D9-A8E2-4D36-BD26-66D0FD657725}"
EndProject
Global
	GlobalSection(SolutionConfigurationPlatforms) = preSolution
		Debug|Any CPU = Debug|Any CPU
		Release|Any CPU = Release|Any CPU
	EndGlobalSection
	GlobalSection(ProjectConfigurationPlatforms) = postSolution
		{43B155D9-A8E2-4D36-BD26-66D0FD657725}.Debug|Any CPU.ActiveCfg = Debug|Any CPU
		{43B155D9-A8E2-4D36-BD26-66D0FD657725}.Debug|Any CPU.Build.0 = Debug|Any CPU
		{43B155D9-A8E2-4D36-BD26-66D0FD657725}.Release|Any CPU.ActiveCfg = Release|Any CPU
		{43B155D9-A8E2-4D36-BD26-66D0FD657725}.Release|Any CPU.Build.0 = Release|Any CPU
	EndGlobalSection
	GlobalSection(SolutionProperties) = preSolution
		HideSolutionNode = FALSE
	EndGlobalSection
	GlobalSection(ExtensibilityGlobals) = postSolution
		SolutionGuid = {50AA8901-5095-44D5-B8F7-718CB650A361}
	EndGlobalSection
EndGlobal
